
Microsoft Visual Studio Solution File, Format Version 12.00
# Visual Studio Version 16
VisualStudioVersion = 16.0.31205.134
MinimumVisualStudioVersion = 10.0.40219.1
Project("{8BC9CEB8-8B4A-11D0-8D11-00A0C91BC942}") = "hoandoiphantumang", "hoandoiphantumang\hoandoiphantumang.vcxproj", "{EC1C3347-E174-4707-BFCF-3045F8A8D01F}"
EndProject
Global
	GlobalSection(SolutionConfigurationPlatforms) = preSolution
		Debug|x64 = Debug|x64
		Debug|x86 = Debug|x86
		Release|x64 = Release|x64
		Release|x86 = Release|x86
	EndGlobalSection
	GlobalSection(ProjectConfigurationPlatforms) = postSolution
		{EC1C3347-E174-4707-BFCF-3045F8A8D01F}.Debug|x64.ActiveCfg = Debug|x64
		{EC1C3347-E174-4707-BFCF-3045F8A8D01F}.Debug|x64.Build.0 = Debug|x64
		{EC1C3347-E174-4707-BFCF-3045F8A8D01F}.Debug|x86.ActiveCfg = Debug|Win32
		{EC1C3347-E174-4707-BFCF-3045F8A8D01F}.Debug|x86.Build.0 = Debug|Win32
		{EC1C3347-E174-4707-BFCF-3045F8A8D01F}.Release|x64.ActiveCfg = Release|x64
		{EC1C3347-E174-4707-BFCF-3045F8A8D01F}.Release|x64.Build.0 = Release|x64
		{EC1C3347-E174-4707-BFCF-3045F8A8D01F}.Release|x86.ActiveCfg = Release|Win32
		{EC1C3347-E174-4707-BFCF-3045F8A8D01F}.Release|x86.Build.0 = Release|Win32
	EndGlobalSection
	GlobalSection(SolutionProperties) = preSolution
		HideSolutionNode = FALSE
	EndGlobalSection
	GlobalSection(ExtensibilityGlobals) = postSolution
		SolutionGuid = {5CA53806-B956-4B4E-BE38-6D3C82CC6D86}
	EndGlobalSection
EndGlobal
